
Microsoft Visual Studio Solution File, Format Version 12.00
# Visual Studio Version 17
VisualStudioVersion = 17.13.35818.85 d17.13
MinimumVisualStudioVersion = 10.0.40219.1
Project("{FAE04EC0-301F-11D3-BF4B-00C04F79EFBC}") = "LibraryICE", "LibraryICE\LibraryICE.csproj", "{B24ED69F-39A3-49D1-8F68-70F3B608C6E0}"
EndProject
Global
	GlobalSection(SolutionConfigurationPlatforms) = preSolution
		Debug|Any CPU = Debug|Any CPU
		Release|Any CPU = Release|Any CPU
	EndGlobalSection
	GlobalSection(ProjectConfigurationPlatforms) = postSolution
		{B24ED69F-39A3-49D1-8F68-70F3B608C6E0}.Debug|Any CPU.ActiveCfg = Debug|Any CPU
		{B24ED69F-39A3-49D1-8F68-70F3B608C6E0}.Debug|Any CPU.Build.0 = Debug|Any CPU
		{B24ED69F-39A3-49D1-8F68-70F3B608C6E0}.Release|Any CPU.ActiveCfg = Release|Any CPU
		{B24ED69F-39A3-49D1-8F68-70F3B608C6E0}.Release|Any CPU.Build.0 = Release|Any CPU
	EndGlobalSection
	GlobalSection(SolutionProperties) = preSolution
		HideSolutionNode = FALSE
	EndGlobalSection
	GlobalSection(ExtensibilityGlobals) = postSolution
		SolutionGuid = {3702E617-6016-4997-9236-22CA4A54CCE1}
	EndGlobalSection
EndGlobal
